
Microsoft Visual Studio Solution File, Format Version 12.00
# Visual Studio Version 17
VisualStudioVersion = 17.5.33516.290
MinimumVisualStudioVersion = 10.0.40219.1
Project("{FAE04EC0-301F-11D3-BF4B-00C04F79EFBC}") = "WindowsFormsApp1", "WindowsFormsApp1\WindowsFormsApp1.csproj", "{125C2B41-847C-42FC-9BD1-E4A01B75F66E}"
EndProject
Global
	GlobalSection(SolutionConfigurationPlatforms) = preSolution
		Debug|Any CPU = Debug|Any CPU
		Release|Any CPU = Release|Any CPU
	EndGlobalSection
	GlobalSection(ProjectConfigurationPlatforms) = postSolution
		{125C2B41-847C-42FC-9BD1-E4A01B75F66E}.Debug|Any CPU.ActiveCfg = Debug|Any CPU
		{125C2B41-847C-42FC-9BD1-E4A01B75F66E}.Debug|Any CPU.Build.0 = Debug|Any CPU
		{125C2B41-847C-42FC-9BD1-E4A01B75F66E}.Release|Any CPU.ActiveCfg = Release|Any CPU
		{125C2B41-847C-42FC-9BD1-E4A01B75F66E}.Release|Any CPU.Build.0 = Release|Any CPU
	EndGlobalSection
	GlobalSection(SolutionProperties) = preSolution
		HideSolutionNode = FALSE
	EndGlobalSection
	GlobalSection(ExtensibilityGlobals) = postSolution
		SolutionGuid = {144B76CB-6EE4-47C7-83D7-D64586ED8842}
	EndGlobalSection
EndGlobal
